
Microsoft Visual Studio Solution File, Format Version 12.00
Project("{FAE04EC0-301F-11D3-BF4B-00C04F79EFBC}") = "DAO", "DAO\DAO.csproj", "{98C562C1-26ED-44BB-9D0B-3908F489CEFB}"
EndProject
Project("{FAE04EC0-301F-11D3-BF4B-00C04F79EFBC}") = "Entities", "Entities\Entities.csproj", "{D284B9EC-E0B4-4C70-9A1A-1C452AB4BA4F}"
EndProject
Project("{FAE04EC0-301F-11D3-BF4B-00C04F79EFBC}") = "BL", "BL\BL.csproj", "{33405F77-DDB5-49FF-8735-2557549960EE}"
EndProject
Project("{FAE04EC0-301F-11D3-BF4B-00C04F79EFBC}") = "API", "API\API.csproj", "{870B60C4-736B-4BC4-A306-2BA991928682}"
EndProject
Global
	GlobalSection(SolutionConfigurationPlatforms) = preSolution
		Debug|Any CPU = Debug|Any CPU
		Release|Any CPU = Release|Any CPU
	EndGlobalSection
	GlobalSection(ProjectConfigurationPlatforms) = postSolution
		{98C562C1-26ED-44BB-9D0B-3908F489CEFB}.Debug|Any CPU.ActiveCfg = Debug|Any CPU
		{98C562C1-26ED-44BB-9D0B-3908F489CEFB}.Debug|Any CPU.Build.0 = Debug|Any CPU
		{98C562C1-26ED-44BB-9D0B-3908F489CEFB}.Release|Any CPU.ActiveCfg = Release|Any CPU
		{98C562C1-26ED-44BB-9D0B-3908F489CEFB}.Release|Any CPU.Build.0 = Release|Any CPU
		{D284B9EC-E0B4-4C70-9A1A-1C452AB4BA4F}.Debug|Any CPU.ActiveCfg = Debug|Any CPU
		{D284B9EC-E0B4-4C70-9A1A-1C452AB4BA4F}.Debug|Any CPU.Build.0 = Debug|Any CPU
		{D284B9EC-E0B4-4C70-9A1A-1C452AB4BA4F}.Release|Any CPU.ActiveCfg = Release|Any CPU
		{D284B9EC-E0B4-4C70-9A1A-1C452AB4BA4F}.Release|Any CPU.Build.0 = Release|Any CPU
		{33405F77-DDB5-49FF-8735-2557549960EE}.Debug|Any CPU.ActiveCfg = Debug|Any CPU
		{33405F77-DDB5-49FF-8735-2557549960EE}.Debug|Any CPU.Build.0 = Debug|Any CPU
		{33405F77-DDB5-49FF-8735-2557549960EE}.Release|Any CPU.ActiveCfg = Release|Any CPU
		{33405F77-DDB5-49FF-8735-2557549960EE}.Release|Any CPU.Build.0 = Release|Any CPU
		{870B60C4-736B-4BC4-A306-2BA991928682}.Debug|Any CPU.ActiveCfg = Debug|Any CPU
		{870B60C4-736B-4BC4-A306-2BA991928682}.Debug|Any CPU.Build.0 = Debug|Any CPU
		{870B60C4-736B-4BC4-A306-2BA991928682}.Release|Any CPU.ActiveCfg = Release|Any CPU
		{870B60C4-736B-4BC4-A306-2BA991928682}.Release|Any CPU.Build.0 = Release|Any CPU
	EndGlobalSection
EndGlobal
